
Microsoft Visual Studio Solution File, Format Version 10.00
# Visual Studio 2008
Project("{FAE04EC0-301F-11D3-BF4B-00C04F79EFBC}") = "BackPropagation", "BackPropagation\BackPropagation.csproj", "{D8161798-2B80-4331-84A8-DBAAE5185044}"
EndProject
Global
	GlobalSection(SolutionConfigurationPlatforms) = preSolution
		Debug|Any CPU = Debug|Any CPU
		Release|Any CPU = Release|Any CPU
	EndGlobalSection
	GlobalSection(ProjectConfigurationPlatforms) = postSolution
		{D8161798-2B80-4331-84A8-DBAAE5185044}.Debug|Any CPU.ActiveCfg = Debug|Any CPU
		{D8161798-2B80-4331-84A8-DBAAE5185044}.Debug|Any CPU.Build.0 = Debug|Any CPU
		{D8161798-2B80-4331-84A8-DBAAE5185044}.Release|Any CPU.ActiveCfg = Release|Any CPU
		{D8161798-2B80-4331-84A8-DBAAE5185044}.Release|Any CPU.Build.0 = Release|Any CPU
	EndGlobalSection
	GlobalSection(SolutionProperties) = preSolution
		HideSolutionNode = FALSE
	EndGlobalSection
EndGlobal
